
Microsoft Visual Studio Solution File, Format Version 12.00
# Visual Studio Version 16
VisualStudioVersion = 16.0.29926.136
MinimumVisualStudioVersion = 10.0.40219.1
Project("{FAE04EC0-301F-11D3-BF4B-00C04F79EFBC}") = "Initial", "Initial\Initial.csproj", "{DD1D9AAD-9779-4910-8FF2-4D4DE994EAAD}"
EndProject
Project("{FAE04EC0-301F-11D3-BF4B-00C04F79EFBC}") = "Complete", "Complete\Complete.csproj", "{0C1148A6-D3BA-4955-BB75-E2D26AA3B231}"
EndProject
Global
	GlobalSection(SolutionConfigurationPlatforms) = preSolution
		Debug|Any CPU = Debug|Any CPU
		Release|Any CPU = Release|Any CPU
	EndGlobalSection
	GlobalSection(ProjectConfigurationPlatforms) = postSolution
		{DD1D9AAD-9779-4910-8FF2-4D4DE994EAAD}.Debug|Any CPU.ActiveCfg = Debug|Any CPU
		{DD1D9AAD-9779-4910-8FF2-4D4DE994EAAD}.Debug|Any CPU.Build.0 = Debug|Any CPU
		{DD1D9AAD-9779-4910-8FF2-4D4DE994EAAD}.Release|Any CPU.ActiveCfg = Release|Any CPU
		{DD1D9AAD-9779-4910-8FF2-4D4DE994EAAD}.Release|Any CPU.Build.0 = Release|Any CPU
		{0C1148A6-D3BA-4955-BB75-E2D26AA3B231}.Debug|Any CPU.ActiveCfg = Debug|Any CPU
		{0C1148A6-D3BA-4955-BB75-E2D26AA3B231}.Debug|Any CPU.Build.0 = Debug|Any CPU
		{0C1148A6-D3BA-4955-BB75-E2D26AA3B231}.Release|Any CPU.ActiveCfg = Release|Any CPU
		{0C1148A6-D3BA-4955-BB75-E2D26AA3B231}.Release|Any CPU.Build.0 = Release|Any CPU
	EndGlobalSection
	GlobalSection(SolutionProperties) = preSolution
		HideSolutionNode = FALSE
	EndGlobalSection
	GlobalSection(ExtensibilityGlobals) = postSolution
		SolutionGuid = {69805BD3-4FBF-4D83-9F03-873A7CA5C2EF}
	EndGlobalSection
EndGlobal
