
Microsoft Visual Studio Solution File, Format Version 12.00
# Visual Studio Version 16
VisualStudioVersion = 16.0.29926.136
MinimumVisualStudioVersion = 10.0.40219.1
Project("{FAE04EC0-301F-11D3-BF4B-00C04F79EFBC}") = "Complete", "Complete.csproj", "{DD1D9AAD-9779-4910-8FF2-4D4DE994EAAD}"
EndProject
Global
	GlobalSection(SolutionConfigurationPlatforms) = preSolution
		Debug|Any CPU = Debug|Any CPU
		Release|Any CPU = Release|Any CPU
	EndGlobalSection
	GlobalSection(ProjectConfigurationPlatforms) = postSolution
		{DD1D9AAD-9779-4910-8FF2-4D4DE994EAAD}.Debug|Any CPU.ActiveCfg = Debug|Any CPU
		{DD1D9AAD-9779-4910-8FF2-4D4DE994EAAD}.Debug|Any CPU.Build.0 = Debug|Any CPU
		{DD1D9AAD-9779-4910-8FF2-4D4DE994EAAD}.Release|Any CPU.ActiveCfg = Release|Any CPU
		{DD1D9AAD-9779-4910-8FF2-4D4DE994EAAD}.Release|Any CPU.Build.0 = Release|Any CPU
	EndGlobalSection
	GlobalSection(SolutionProperties) = preSolution
		HideSolutionNode = FALSE
	EndGlobalSection
	GlobalSection(ExtensibilityGlobals) = postSolution
		SolutionGuid = {09CB9BD1-F8B9-4344-A0C3-DFF5E3BC856F}
	EndGlobalSection
EndGlobal
